
Microsoft Visual Studio Solution File, Format Version 12.00
# Visual Studio Version 17
VisualStudioVersion = 17.14.36518.9 d17.14
MinimumVisualStudioVersion = 10.0.40219.1
Project("{FAE04EC0-301F-11D3-BF4B-00C04F79EFBC}") = "E-Commerce.API", "E-Commerce.API\E-Commerce.API.csproj", "{0AD2A5ED-44D9-4248-BEE5-A3DEE4530DF0}"
EndProject
Project("{2150E333-8FDC-42A3-9474-1A3956D46DE8}") = "Core", "Core", "{02EA681E-C7D8-13C7-8484-4AC65E1B71E8}"
EndProject
Project("{FAE04EC0-301F-11D3-BF4B-00C04F79EFBC}") = "Domain", "Core\Domain\Domain.csproj", "{9F6D1118-394E-4449-AFB2-8B4283644C83}"
EndProject
Project("{FAE04EC0-301F-11D3-BF4B-00C04F79EFBC}") = "Service", "Core\Service\Service.csproj", "{65D05137-8906-4389-8618-B7AE311E63F7}"
EndProject
Project("{FAE04EC0-301F-11D3-BF4B-00C04F79EFBC}") = "Service.Abstraction", "Core\Service.Abstraction\Service.Abstraction.csproj", "{2B6C7DEF-9619-4E4E-8A2F-865C8C42CF30}"
EndProject
Project("{2150E333-8FDC-42A3-9474-1A3956D46DE8}") = "InfraStructure", "InfraStructure", "{A2C7D0E3-E793-4EB3-AABD-107639C68EA2}"
EndProject
Project("{FAE04EC0-301F-11D3-BF4B-00C04F79EFBC}") = "Presistance", "InfraStructure\Presistance\Presistance.csproj", "{06EEABD4-1D89-43A9-ACB0-308137E371D9}"
EndProject
Project("{FAE04EC0-301F-11D3-BF4B-00C04F79EFBC}") = "Presentation", "InfraStructure\Presentation\Presentation.csproj", "{3A248533-8681-4D25-800E-498678D38724}"
EndProject
Project("{FAE04EC0-301F-11D3-BF4B-00C04F79EFBC}") = "Shared", "Shared\Shared.csproj", "{73173436-7C92-4064-BCDA-11AF085ED167}"
EndProject
Global
	GlobalSection(SolutionConfigurationPlatforms) = preSolution
		Debug|Any CPU = Debug|Any CPU
		Release|Any CPU = Release|Any CPU
	EndGlobalSection
	GlobalSection(ProjectConfigurationPlatforms) = postSolution
		{0AD2A5ED-44D9-4248-BEE5-A3DEE4530DF0}.Debug|Any CPU.ActiveCfg = Debug|Any CPU
		{0AD2A5ED-44D9-4248-BEE5-A3DEE4530DF0}.Debug|Any CPU.Build.0 = Debug|Any CPU
		{0AD2A5ED-44D9-4248-BEE5-A3DEE4530DF0}.Release|Any CPU.ActiveCfg = Release|Any CPU
		{0AD2A5ED-44D9-4248-BEE5-A3DEE4530DF0}.Release|Any CPU.Build.0 = Release|Any CPU
		{9F6D1118-394E-4449-AFB2-8B4283644C83}.Debug|Any CPU.ActiveCfg = Debug|Any CPU
		{9F6D1118-394E-4449-AFB2-8B4283644C83}.Debug|Any CPU.Build.0 = Debug|Any CPU
		{9F6D1118-394E-4449-AFB2-8B4283644C83}.Release|Any CPU.ActiveCfg = Release|Any CPU
		{9F6D1118-394E-4449-AFB2-8B4283644C83}.Release|Any CPU.Build.0 = Release|Any CPU
		{65D05137-8906-4389-8618-B7AE311E63F7}.Debug|Any CPU.ActiveCfg = Debug|Any CPU
		{65D05137-8906-4389-8618-B7AE311E63F7}.Debug|Any CPU.Build.0 = Debug|Any CPU
		{65D05137-8906-4389-8618-B7AE311E63F7}.Release|Any CPU.ActiveCfg = Release|Any CPU
		{65D05137-8906-4389-8618-B7AE311E63F7}.Release|Any CPU.Build.0 = Release|Any CPU
		{2B6C7DEF-9619-4E4E-8A2F-865C8C42CF30}.Debug|Any CPU.ActiveCfg = Debug|Any CPU
		{2B6C7DEF-9619-4E4E-8A2F-865C8C42CF30}.Debug|Any CPU.Build.0 = Debug|Any CPU
		{2B6C7DEF-9619-4E4E-8A2F-865C8C42CF30}.Release|Any CPU.ActiveCfg = Release|Any CPU
		{2B6C7DEF-9619-4E4E-8A2F-865C8C42CF30}.Release|Any CPU.Build.0 = Release|Any CPU
		{06EEABD4-1D89-43A9-ACB0-308137E371D9}.Debug|Any CPU.ActiveCfg = Debug|Any CPU
		{06EEABD4-1D89-43A9-ACB0-308137E371D9}.Debug|Any CPU.Build.0 = Debug|Any CPU
		{06EEABD4-1D89-43A9-ACB0-308137E371D9}.Release|Any CPU.ActiveCfg = Release|Any CPU
		{06EEABD4-1D89-43A9-ACB0-308137E371D9}.Release|Any CPU.Build.0 = Release|Any CPU
		{3A248533-8681-4D25-800E-498678D38724}.Debug|Any CPU.ActiveCfg = Debug|Any CPU
		{3A248533-8681-4D25-800E-498678D38724}.Debug|Any CPU.Build.0 = Debug|Any CPU
		{3A248533-8681-4D25-800E-498678D38724}.Release|Any CPU.ActiveCfg = Release|Any CPU
		{3A248533-8681-4D25-800E-498678D38724}.Release|Any CPU.Build.0 = Release|Any CPU
		{73173436-7C92-4064-BCDA-11AF085ED167}.Debug|Any CPU.ActiveCfg = Debug|Any CPU
		{73173436-7C92-4064-BCDA-11AF085ED167}.Debug|Any CPU.Build.0 = Debug|Any CPU
		{73173436-7C92-4064-BCDA-11AF085ED167}.Release|Any CPU.ActiveCfg = Release|Any CPU
		{73173436-7C92-4064-BCDA-11AF085ED167}.Release|Any CPU.Build.0 = Release|Any CPU
	EndGlobalSection
	GlobalSection(SolutionProperties) = preSolution
		HideSolutionNode = FALSE
	EndGlobalSection
	GlobalSection(NestedProjects) = preSolution
		{9F6D1118-394E-4449-AFB2-8B4283644C83} = {02EA681E-C7D8-13C7-8484-4AC65E1B71E8}
		{65D05137-8906-4389-8618-B7AE311E63F7} = {02EA681E-C7D8-13C7-8484-4AC65E1B71E8}
		{2B6C7DEF-9619-4E4E-8A2F-865C8C42CF30} = {02EA681E-C7D8-13C7-8484-4AC65E1B71E8}
		{06EEABD4-1D89-43A9-ACB0-308137E371D9} = {A2C7D0E3-E793-4EB3-AABD-107639C68EA2}
		{3A248533-8681-4D25-800E-498678D38724} = {A2C7D0E3-E793-4EB3-AABD-107639C68EA2}
	EndGlobalSection
	GlobalSection(ExtensibilityGlobals) = postSolution
		SolutionGuid = {5AC3E411-6F4E-4D86-83FC-92C62351BCE7}
	EndGlobalSection
EndGlobal
